// !$*UTF8*$!
{
	archiveVersion = 1;
	classes = {
	};
	objectVersion = 55;
	objects = {

/* Begin PBXBuildFile section */
		2616729B28932AA2006ECF34 /* AppDelegate.swift in Sources */ = {isa = PBXBuildFile; fileRef = 2616729A28932AA2006ECF34 /* AppDelegate.swift */; };
		2616729D28932AA2006ECF34 /* SceneDelegate.swift in Sources */ = {isa = PBXBuildFile; fileRef = 2616729C28932AA2006ECF34 /* SceneDelegate.swift */; };
		2616729F28932AA2006ECF34 /* ViewControllerCharacters.swift in Sources */ = {isa = PBXBuildFile; fileRef = 2616729E28932AA2006ECF34 /* ViewControllerCharacters.swift */; };
		261672A228932AA2006ECF34 /* Main.storyboard in Resources */ = {isa = PBXBuildFile; fileRef = 261672A028932AA2006ECF34 /* Main.storyboard */; };
		261672A428932AAA006ECF34 /* Assets.xcassets in Resources */ = {isa = PBXBuildFile; fileRef = 261672A328932AAA006ECF34 /* Assets.xcassets */; };
		261672A728932AAA006ECF34 /* LaunchScreen.storyboard in Resources */ = {isa = PBXBuildFile; fileRef = 261672A528932AAA006ECF34 /* LaunchScreen.storyboard */; };
		262355D928932D6800F484BC /* ViewModelCharacter.swift in Sources */ = {isa = PBXBuildFile; fileRef = 262355D828932D6800F484BC /* ViewModelCharacter.swift */; };
		262355DB28932D7D00F484BC /* ModelCharacter.swift in Sources */ = {isa = PBXBuildFile; fileRef = 262355DA28932D7D00F484BC /* ModelCharacter.swift */; };
		262355DE28932E5300F484BC /* Webservice.swift in Sources */ = {isa = PBXBuildFile; fileRef = 262355DD28932E5300F484BC /* Webservice.swift */; };
		262355E128933DDA00F484BC /* CharacterTableViewCell.swift in Sources */ = {isa = PBXBuildFile; fileRef = 262355E028933DDA00F484BC /* CharacterTableViewCell.swift */; };
		772B037328A43C1400D38BC8 /* ViewControllerLocations.swift in Sources */ = {isa = PBXBuildFile; fileRef = 772B037228A43C1400D38BC8 /* ViewControllerLocations.swift */; };
		772B037528A43DD900D38BC8 /* ViewControllerMenu.swift in Sources */ = {isa = PBXBuildFile; fileRef = 772B037428A43DD900D38BC8 /* ViewControllerMenu.swift */; };
		772B037728A4482600D38BC8 /* ModelLocation.swift in Sources */ = {isa = PBXBuildFile; fileRef = 772B037628A4482600D38BC8 /* ModelLocation.swift */; };
		772B037928A448E200D38BC8 /* ViewModelLocation.swift in Sources */ = {isa = PBXBuildFile; fileRef = 772B037828A448E200D38BC8 /* ViewModelLocation.swift */; };
		772B037B28A44A4D00D38BC8 /* LocationTableViewCell.swift in Sources */ = {isa = PBXBuildFile; fileRef = 772B037A28A44A4D00D38BC8 /* LocationTableViewCell.swift */; };
/* End PBXBuildFile section */

/* Begin PBXFileReference section */
		2616729728932AA2006ECF34 /* mvvmrickmorty.app */ = {isa = PBXFileReference; explicitFileType = wrapper.application; includeInIndex = 0; path = mvvmrickmorty.app; sourceTree = BUILT_PRODUCTS_DIR; };
		2616729A28932AA2006ECF34 /* AppDelegate.swift */ = {isa = PBXFileReference; lastKnownFileType = sourcecode.swift; path = AppDelegate.swift; sourceTree = "<group>"; };
		2616729C28932AA2006ECF34 /* SceneDelegate.swift */ = {isa = PBXFileReference; lastKnownFileType = sourcecode.swift; path = SceneDelegate.swift; sourceTree = "<group>"; };
		2616729E28932AA2006ECF34 /* ViewControllerCharacters.swift */ = {isa = PBXFileReference; lastKnownFileType = sourcecode.swift; path = ViewControllerCharacters.swift; sourceTree = "<group>"; };
		261672A128932AA2006ECF34 /* Base */ = {isa = PBXFileReference; lastKnownFileType = file.storyboard; name = Base; path = Base.lproj/Main.storyboard; sourceTree = "<group>"; };
		261672A328932AAA006ECF34 /* Assets.xcassets */ = {isa = PBXFileReference; lastKnownFileType = folder.assetcatalog; path = Assets.xcassets; sourceTree = "<group>"; };
		261672A628932AAA006ECF34 /* Base */ = {isa = PBXFileReference; lastKnownFileType = file.storyboard; name = Base; path = Base.lproj/LaunchScreen.storyboard; sourceTree = "<group>"; };
		261672A828932AAA006ECF34 /* Info.plist */ = {isa = PBXFileReference; lastKnownFileType = text.plist.xml; path = Info.plist; sourceTree = "<group>"; };
		262355D828932D6800F484BC /* ViewModelCharacter.swift */ = {isa = PBXFileReference; lastKnownFileType = sourcecode.swift; path = ViewModelCharacter.swift; sourceTree = "<group>"; };
		262355DA28932D7D00F484BC /* ModelCharacter.swift */ = {isa = PBXFileReference; lastKnownFileType = sourcecode.swift; path = ModelCharacter.swift; sourceTree = "<group>"; };
		262355DD28932E5300F484BC /* Webservice.swift */ = {isa = PBXFileReference; lastKnownFileType = sourcecode.swift; path = Webservice.swift; sourceTree = "<group>"; };
		262355E028933DDA00F484BC /* CharacterTableViewCell.swift */ = {isa = PBXFileReference; lastKnownFileType = sourcecode.swift; path = CharacterTableViewCell.swift; sourceTree = "<group>"; };
		772B037228A43C1400D38BC8 /* ViewControllerLocations.swift */ = {isa = PBXFileReference; lastKnownFileType = sourcecode.swift; path = ViewControllerLocations.swift; sourceTree = "<group>"; };
		772B037428A43DD900D38BC8 /* ViewControllerMenu.swift */ = {isa = PBXFileReference; lastKnownFileType = sourcecode.swift; path = ViewControllerMenu.swift; sourceTree = "<group>"; };
		772B037628A4482600D38BC8 /* ModelLocation.swift */ = {isa = PBXFileReference; lastKnownFileType = sourcecode.swift; path = ModelLocation.swift; sourceTree = "<group>"; };
		772B037828A448E200D38BC8 /* ViewModelLocation.swift */ = {isa = PBXFileReference; lastKnownFileType = sourcecode.swift; path = ViewModelLocation.swift; sourceTree = "<group>"; };
		772B037A28A44A4D00D38BC8 /* LocationTableViewCell.swift */ = {isa = PBXFileReference; lastKnownFileType = sourcecode.swift; path = LocationTableViewCell.swift; sourceTree = "<group>"; };
/* End PBXFileReference section */

/* Begin PBXFrameworksBuildPhase section */
		2616729428932AA2006ECF34 /* Frameworks */ = {
			isa = PBXFrameworksBuildPhase;
			buildActionMask = 2147483647;
			files = (
			);
			runOnlyForDeploymentPostprocessing = 0;
		};
/* End PBXFrameworksBuildPhase section */

/* Begin PBXGroup section */
		2616728E28932AA1006ECF34 = {
			isa = PBXGroup;
			children = (
				2616729928932AA2006ECF34 /* mvvmrickmorty */,
				2616729828932AA2006ECF34 /* Products */,
			);
			sourceTree = "<group>";
		};
		2616729828932AA2006ECF34 /* Products */ = {
			isa = PBXGroup;
			children = (
				2616729728932AA2006ECF34 /* mvvmrickmorty.app */,
			);
			name = Products;
			sourceTree = "<group>";
		};
		2616729928932AA2006ECF34 /* mvvmrickmorty */ = {
			isa = PBXGroup;
			children = (
				262355DF28933DC600F484BC /* Cells */,
				262355DC28932E4A00F484BC /* Service */,
				262355D528932D2D00F484BC /* Model */,
				262355D628932D3400F484BC /* ViewModel */,
				262355D728932D4800F484BC /* Controller */,
				2616729A28932AA2006ECF34 /* AppDelegate.swift */,
				2616729C28932AA2006ECF34 /* SceneDelegate.swift */,
				261672A028932AA2006ECF34 /* Main.storyboard */,
				261672A328932AAA006ECF34 /* Assets.xcassets */,
				261672A528932AAA006ECF34 /* LaunchScreen.storyboard */,
				261672A828932AAA006ECF34 /* Info.plist */,
			);
			path = mvvmrickmorty;
			sourceTree = "<group>";
		};
		262355D528932D2D00F484BC /* Model */ = {
			isa = PBXGroup;
			children = (
				262355DA28932D7D00F484BC /* ModelCharacter.swift */,
				772B037628A4482600D38BC8 /* ModelLocation.swift */,
			);
			path = Model;
			sourceTree = "<group>";
		};
		262355D628932D3400F484BC /* ViewModel */ = {
			isa = PBXGroup;
			children = (
				262355D828932D6800F484BC /* ViewModelCharacter.swift */,
				772B037828A448E200D38BC8 /* ViewModelLocation.swift */,
			);
			path = ViewModel;
			sourceTree = "<group>";
		};
		262355D728932D4800F484BC /* Controller */ = {
			isa = PBXGroup;
			children = (
				2616729E28932AA2006ECF34 /* ViewControllerCharacters.swift */,
				772B037228A43C1400D38BC8 /* ViewControllerLocations.swift */,
				772B037428A43DD900D38BC8 /* ViewControllerMenu.swift */,
			);
			path = Controller;
			sourceTree = "<group>";
		};
		262355DC28932E4A00F484BC /* Service */ = {
			isa = PBXGroup;
			children = (
				262355DD28932E5300F484BC /* Webservice.swift */,
			);
			path = Service;
			sourceTree = "<group>";
		};
		262355DF28933DC600F484BC /* Cells */ = {
			isa = PBXGroup;
			children = (
				262355E028933DDA00F484BC /* CharacterTableViewCell.swift */,
				772B037A28A44A4D00D38BC8 /* LocationTableViewCell.swift */,
			);
			path = Cells;
			sourceTree = "<group>";
		};
/* End PBXGroup section */

/* Begin PBXNativeTarget section */
		2616729628932AA2006ECF34 /* mvvmrickmorty */ = {
			isa = PBXNativeTarget;
			buildConfigurationList = 261672AB28932AAA006ECF34 /* Build configuration list for PBXNativeTarget "mvvmrickmorty" */;
			buildPhases = (
				2616729328932AA2006ECF34 /* Sources */,
				2616729428932AA2006ECF34 /* Frameworks */,
				2616729528932AA2006ECF34 /* Resources */,
			);
			buildRules = (
			);
			dependencies = (
			);
			name = mvvmrickmorty;
			productName = mvvmrickmorty;
			productReference = 2616729728932AA2006ECF34 /* mvvmrickmorty.app */;
			productType = "com.apple.product-type.application";
		};
/* End PBXNativeTarget section */

/* Begin PBXProject section */
		2616728F28932AA1006ECF34 /* Project object */ = {
			isa = PBXProject;
			attributes = {
				BuildIndependentTargetsInParallel = 1;
				LastSwiftUpdateCheck = 1330;
				LastUpgradeCheck = 1330;
				TargetAttributes = {
					2616729628932AA2006ECF34 = {
						CreatedOnToolsVersion = 13.3.1;
					};
				};
			};
			buildConfigurationList = 2616729228932AA1006ECF34 /* Build configuration list for PBXProject "mvvmrickmorty" */;
			compatibilityVersion = "Xcode 13.0";
			developmentRegion = en;
			hasScannedForEncodings = 0;
			knownRegions = (
				en,
				Base,
			);
			mainGroup = 2616728E28932AA1006ECF34;
			productRefGroup = 2616729828932AA2006ECF34 /* Products */;
			projectDirPath = "";
			projectRoot = "";
			targets = (
				2616729628932AA2006ECF34 /* mvvmrickmorty */,
			);
		};
/* End PBXProject section */

/* Begin PBXResourcesBuildPhase section */
		2616729528932AA2006ECF34 /* Resources */ = {
			isa = PBXResourcesBuildPhase;
			buildActionMask = 2147483647;
			files = (
				261672A728932AAA006ECF34 /* LaunchScreen.storyboard in Resources */,
				261672A428932AAA006ECF34 /* Assets.xcassets in Resources */,
				261672A228932AA2006ECF34 /* Main.storyboard in Resources */,
			);
			runOnlyForDeploymentPostprocessing = 0;
		};
/* End PBXResourcesBuildPhase section */

/* Begin PBXSourcesBuildPhase section */
		2616729328932AA2006ECF34 /* Sources */ = {
			isa = PBXSourcesBuildPhase;
			buildActionMask = 2147483647;
			files = (
				262355DB28932D7D00F484BC /* ModelCharacter.swift in Sources */,
				262355E128933DDA00F484BC /* CharacterTableViewCell.swift in Sources */,
				2616729F28932AA2006ECF34 /* ViewControllerCharacters.swift in Sources */,
				772B037528A43DD900D38BC8 /* ViewControllerMenu.swift in Sources */,
				772B037328A43C1400D38BC8 /* ViewControllerLocations.swift in Sources */,
				262355DE28932E5300F484BC /* Webservice.swift in Sources */,
				772B037B28A44A4D00D38BC8 /* LocationTableViewCell.swift in Sources */,
				772B037928A448E200D38BC8 /* ViewModelLocation.swift in Sources */,
				772B037728A4482600D38BC8 /* ModelLocation.swift in Sources */,
				2616729B28932AA2006ECF34 /* AppDelegate.swift in Sources */,
				262355D928932D6800F484BC /* ViewModelCharacter.swift in Sources */,
				2616729D28932AA2006ECF34 /* SceneDelegate.swift in Sources */,
			);
			runOnlyForDeploymentPostprocessing = 0;
		};
/* End PBXSourcesBuildPhase section */

/* Begin PBXVariantGroup section */
		261672A028932AA2006ECF34 /* Main.storyboard */ = {
			isa = PBXVariantGroup;
			children = (
				261672A128932AA2006ECF34 /* Base */,
			);
			name = Main.storyboard;
			sourceTree = "<group>";
		};
		261672A528932AAA006ECF34 /* LaunchScreen.storyboard */ = {
			isa = PBXVariantGroup;
			children = (
				261672A628932AAA006ECF34 /* Base */,
			);
			name = LaunchScreen.storyboard;
			sourceTree = "<group>";
		};
/* End PBXVariantGroup section */

/* Begin XCBuildConfiguration section */
		261672A928932AAA006ECF34 /* Debug */ = {
			isa = XCBuildConfiguration;
			buildSettings = {
				ALWAYS_SEARCH_USER_PATHS = NO;
				CLANG_ANALYZER_NONNULL = YES;
				CLANG_ANALYZER_NUMBER_OBJECT_CONVERSION = YES_AGGRESSIVE;
				CLANG_CXX_LANGUAGE_STANDARD = "gnu++17";
				CLANG_ENABLE_MODULES = YES;
				CLANG_ENABLE_OBJC_ARC = YES;
				CLANG_ENABLE_OBJC_WEAK = YES;
				CLANG_WARN_BLOCK_CAPTURE_AUTORELEASING = YES;
				CLANG_WARN_BOOL_CONVERSION = YES;
				CLANG_WARN_COMMA = YES;
				CLANG_WARN_CONSTANT_CONVERSION = YES;
				CLANG_WARN_DEPRECATED_OBJC_IMPLEMENTATIONS = YES;
				CLANG_WARN_DIRECT_OBJC_ISA_USAGE = YES_ERROR;
				CLANG_WARN_DOCUMENTATION_COMMENTS = YES;
				CLANG_WARN_EMPTY_BODY = YES;
				CLANG_WARN_ENUM_CONVERSION = YES;
				CLANG_WARN_INFINITE_RECURSION = YES;
				CLANG_WARN_INT_CONVERSION = YES;
				CLANG_WARN_NON_LITERAL_NULL_CONVERSION = YES;
				CLANG_WARN_OBJC_IMPLICIT_RETAIN_SELF = YES;
				CLANG_WARN_OBJC_LITERAL_CONVERSION = YES;
				CLANG_WARN_OBJC_ROOT_CLASS = YES_ERROR;
				CLANG_WARN_QUOTED_INCLUDE_IN_FRAMEWORK_HEADER = YES;
				CLANG_WARN_RANGE_LOOP_ANALYSIS = YES;
				CLANG_WARN_STRICT_PROTOTYPES = YES;
				CLANG_WARN_SUSPICIOUS_MOVE = YES;
				CLANG_WARN_UNGUARDED_AVAILABILITY = YES_AGGRESSIVE;
				CLANG_WARN_UNREACHABLE_CODE = YES;
				CLANG_WARN__DUPLICATE_METHOD_MATCH = YES;
				COPY_PHASE_STRIP = NO;
				DEBUG_INFORMATION_FORMAT = dwarf;
				ENABLE_STRICT_OBJC_MSGSEND = YES;
				ENABLE_TESTABILITY = YES;
				GCC_C_LANGUAGE_STANDARD = gnu11;
				GCC_DYNAMIC_NO_PIC = NO;
				GCC_NO_COMMON_BLOCKS = YES;
				GCC_OPTIMIZATION_LEVEL = 0;
				GCC_PREPROCESSOR_DEFINITIONS = (
					"DEBUG=1",
					"$(inherited)",
				);
				GCC_WARN_64_TO_32_BIT_CONVERSION = YES;
				GCC_WARN_ABOUT_RETURN_TYPE = YES_ERROR;
				GCC_WARN_UNDECLARED_SELECTOR = YES;
				GCC_WARN_UNINITIALIZED_AUTOS = YES_AGGRESSIVE;
				GCC_WARN_UNUSED_FUNCTION = YES;
				GCC_WARN_UNUSED_VARIABLE = YES;
				IPHONEOS_DEPLOYMENT_TARGET = 15.4;
				MTL_ENABLE_DEBUG_INFO = INCLUDE_SOURCE;
				MTL_FAST_MATH = YES;
				ONLY_ACTIVE_ARCH = YES;
				SDKROOT = iphoneos;
				SWIFT_ACTIVE_COMPILATION_CONDITIONS = DEBUG;
				SWIFT_OPTIMIZATION_LEVEL = "-Onone";
			};
			name = Debug;
		};
		261672AA28932AAA006ECF34 /* Release */ = {
			isa = XCBuildConfiguration;
			buildSettings = {
				ALWAYS_SEARCH_USER_PATHS = NO;
				CLANG_ANALYZER_NONNULL = YES;
				CLANG_ANALYZER_NUMBER_OBJECT_CONVERSION = YES_AGGRESSIVE;
				CLANG_CXX_LANGUAGE_STANDARD = "gnu++17";
				CLANG_ENABLE_MODULES = YES;
				CLANG_ENABLE_OBJC_ARC = YES;
				CLANG_ENABLE_OBJC_WEAK = YES;
				CLANG_WARN_BLOCK_CAPTURE_AUTORELEASING = YES;
				CLANG_WARN_BOOL_CONVERSION = YES;
				CLANG_WARN_COMMA = YES;
				CLANG_WARN_CONSTANT_CONVERSION = YES;
				CLANG_WARN_DEPRECATED_OBJC_IMPLEMENTATIONS = YES;
				CLANG_WARN_DIRECT_OBJC_ISA_USAGE = YES_ERROR;
				CLANG_WARN_DOCUMENTATION_COMMENTS = YES;
				CLANG_WARN_EMPTY_BODY = YES;
				CLANG_WARN_ENUM_CONVERSION = YES;
				CLANG_WARN_INFINITE_RECURSION = YES;
				CLANG_WARN_INT_CONVERSION = YES;
				CLANG_WARN_NON_LITERAL_NULL_CONVERSION = YES;
				CLANG_WARN_OBJC_IMPLICIT_RETAIN_SELF = YES;
				CLANG_WARN_OBJC_LITERAL_CONVERSION = YES;
				CLANG_WARN_OBJC_ROOT_CLASS = YES_ERROR;
				CLANG_WARN_QUOTED_INCLUDE_IN_FRAMEWORK_HEADER = YES;
				CLANG_WARN_RANGE_LOOP_ANALYSIS = YES;
				CLANG_WARN_STRICT_PROTOTYPES = YES;
				CLANG_WARN_SUSPICIOUS_MOVE = YES;
				CLANG_WARN_UNGUARDED_AVAILABILITY = YES_AGGRESSIVE;
				CLANG_WARN_UNREACHABLE_CODE = YES;
				CLANG_WARN__DUPLICATE_METHOD_MATCH = YES;
				COPY_PHASE_STRIP = NO;
				DEBUG_INFORMATION_FORMAT = "dwarf-with-dsym";
				ENABLE_NS_ASSERTIONS = NO;
				ENABLE_STRICT_OBJC_MSGSEND = YES;
				GCC_C_LANGUAGE_STANDARD = gnu11;
				GCC_NO_COMMON_BLOCKS = YES;
				GCC_WARN_64_TO_32_BIT_CONVERSION = YES;
				GCC_WARN_ABOUT_RETURN_TYPE = YES_ERROR;
				GCC_WARN_UNDECLARED_SELECTOR = YES;
				GCC_WARN_UNINITIALIZED_AUTOS = YES_AGGRESSIVE;
				GCC_WARN_UNUSED_FUNCTION = YES;
				GCC_WARN_UNUSED_VARIABLE = YES;
				IPHONEOS_DEPLOYMENT_TARGET = 15.4;
				MTL_ENABLE_DEBUG_INFO = NO;
				MTL_FAST_MATH = YES;
				SDKROOT = iphoneos;
				SWIFT_COMPILATION_MODE = wholemodule;
				SWIFT_OPTIMIZATION_LEVEL = "-O";
				VALIDATE_PRODUCT = YES;
			};
			name = Release;
		};
		261672AC28932AAA006ECF34 /* Debug */ = {
			isa = XCBuildConfiguration;
			buildSettings = {
				ASSETCATALOG_COMPILER_APPICON_NAME = AppIcon;
				ASSETCATALOG_COMPILER_GLOBAL_ACCENT_COLOR_NAME = AccentColor;
				CODE_SIGN_STYLE = Automatic;
				CURRENT_PROJECT_VERSION = 1;
				GENERATE_INFOPLIST_FILE = YES;
				INFOPLIST_FILE = mvvmrickmorty/Info.plist;
				INFOPLIST_KEY_UIApplicationSupportsIndirectInputEvents = YES;
				INFOPLIST_KEY_UILaunchStoryboardName = LaunchScreen;
				INFOPLIST_KEY_UIMainStoryboardFile = Main;
				INFOPLIST_KEY_UISupportedInterfaceOrientations_iPad = "UIInterfaceOrientationPortrait UIInterfaceOrientationPortraitUpsideDown UIInterfaceOrientationLandscapeLeft UIInterfaceOrientationLandscapeRight";
				INFOPLIST_KEY_UISupportedInterfaceOrientations_iPhone = "UIInterfaceOrientationPortrait UIInterfaceOrientationLandscapeLeft UIInterfaceOrientationLandscapeRight";
				LD_RUNPATH_SEARCH_PATHS = (
					"$(inherited)",
					"@executable_path/Frameworks",
				);
				MARKETING_VERSION = 1.0;
				PRODUCT_BUNDLE_IDENTIFIER = com.felipetavela.mvvmrickmorty;
				PRODUCT_NAME = "$(TARGET_NAME)";
				SWIFT_EMIT_LOC_STRINGS = YES;
				SWIFT_VERSION = 5.0;
				TARGETED_DEVICE_FAMILY = "1,2";
			};
			name = Debug;
		};
		261672AD28932AAA006ECF34 /* Release */ = {
			isa = XCBuildConfiguration;
			buildSettings = {
				ASSETCATALOG_COMPILER_APPICON_NAME = AppIcon;
				ASSETCATALOG_COMPILER_GLOBAL_ACCENT_COLOR_NAME = AccentColor;
				CODE_SIGN_STYLE = Automatic;
				CURRENT_PROJECT_VERSION = 1;
				GENERATE_INFOPLIST_FILE = YES;
				INFOPLIST_FILE = mvvmrickmorty/Info.plist;
				INFOPLIST_KEY_UIApplicationSupportsIndirectInputEvents = YES;
				INFOPLIST_KEY_UILaunchStoryboardName = LaunchScreen;
				INFOPLIST_KEY_UIMainStoryboardFile = Main;
				INFOPLIST_KEY_UISupportedInterfaceOrientations_iPad = "UIInterfaceOrientationPortrait UIInterfaceOrientationPortraitUpsideDown UIInterfaceOrientationLandscapeLeft UIInterfaceOrientationLandscapeRight";
				INFOPLIST_KEY_UISupportedInterfaceOrientations_iPhone = "UIInterfaceOrientationPortrait UIInterfaceOrientationLandscapeLeft UIInterfaceOrientationLandscapeRight";
				LD_RUNPATH_SEARCH_PATHS = (
					"$(inherited)",
					"@executable_path/Frameworks",
				);
				MARKETING_VERSION = 1.0;
				PRODUCT_BUNDLE_IDENTIFIER = com.felipetavela.mvvmrickmorty;
				PRODUCT_NAME = "$(TARGET_NAME)";
				SWIFT_EMIT_LOC_STRINGS = YES;
				SWIFT_VERSION = 5.0;
				TARGETED_DEVICE_FAMILY = "1,2";
			};
			name = Release;
		};
/* End XCBuildConfiguration section */

/* Begin XCConfigurationList section */
		2616729228932AA1006ECF34 /* Build configuration list for PBXProject "mvvmrickmorty" */ = {
			isa = XCConfigurationList;
			buildConfigurations = (
				261672A928932AAA006ECF34 /* Debug */,
				261672AA28932AAA006ECF34 /* Release */,
			);
			defaultConfigurationIsVisible = 0;
			defaultConfigurationName = Release;
		};
		261672AB28932AAA006ECF34 /* Build configuration list for PBXNativeTarget "mvvmrickmorty" */ = {
			isa = XCConfigurationList;
			buildConfigurations = (
				261672AC28932AAA006ECF34 /* Debug */,
				261672AD28932AAA006ECF34 /* Release */,
			);
			defaultConfigurationIsVisible = 0;
			defaultConfigurationName = Release;
		};
/* End XCConfigurationList section */
	};
	rootObject = 2616728F28932AA1006ECF34 /* Project object */;
}
